
Microsoft Visual Studio Solution File, Format Version 12.00
# Visual Studio Version 17
VisualStudioVersion = 17.11.35208.52
MinimumVisualStudioVersion = 10.0.40219.1
Project("{8BC9CEB8-8B4A-11D0-8D11-00A0C91BC942}") = "Goal1", "Goal1\Goal1.vcxproj", "{E57BFF20-BDAD-4121-B948-2BF094877174}"
EndProject
Project("{8BC9CEB8-8B4A-11D0-8D11-00A0C91BC942}") = "Goal2", "Goal2\Goal2.vcxproj", "{6276D848-2FF8-483E-8ACE-DCED0874E189}"
EndProject
Project("{8BC9CEB8-8B4A-11D0-8D11-00A0C91BC942}") = "PP1Orme", "PP1Orme\PP1Orme.vcxproj", "{53DC0723-A9F9-4720-BF32-443B64D1CC6D}"
EndProject
Project("{8BC9CEB8-8B4A-11D0-8D11-00A0C91BC942}") = "ClassReviews", "ClassReviews\ClassReviews.vcxproj", "{296434EE-7B82-473E-94BF-4A634AA5E722}"
EndProject
Project("{8BC9CEB8-8B4A-11D0-8D11-00A0C91BC942}") = "PP2.Orme", "PP2.Orme\PP2.Orme.vcxproj", "{585AD51E-9849-4609-A50D-E6F6224521DE}"
EndProject
Project("{8BC9CEB8-8B4A-11D0-8D11-00A0C91BC942}") = "PP3.Unit.Test", "PP3.Unit.Test\PP3.Unit.Test.vcxproj", "{977A6A7E-D415-4F64-8E40-73E1E17CA30D}"
EndProject
Global
	GlobalSection(SolutionConfigurationPlatforms) = preSolution
		Debug|x64 = Debug|x64
		Debug|x86 = Debug|x86
		Release|x64 = Release|x64
		Release|x86 = Release|x86
	EndGlobalSection
	GlobalSection(ProjectConfigurationPlatforms) = postSolution
		{E57BFF20-BDAD-4121-B948-2BF094877174}.Debug|x64.ActiveCfg = Debug|x64
		{E57BFF20-BDAD-4121-B948-2BF094877174}.Debug|x64.Build.0 = Debug|x64
		{E57BFF20-BDAD-4121-B948-2BF094877174}.Debug|x86.ActiveCfg = Debug|Win32
		{E57BFF20-BDAD-4121-B948-2BF094877174}.Debug|x86.Build.0 = Debug|Win32
		{E57BFF20-BDAD-4121-B948-2BF094877174}.Release|x64.ActiveCfg = Release|x64
		{E57BFF20-BDAD-4121-B948-2BF094877174}.Release|x64.Build.0 = Release|x64
		{E57BFF20-BDAD-4121-B948-2BF094877174}.Release|x86.ActiveCfg = Release|Win32
		{E57BFF20-BDAD-4121-B948-2BF094877174}.Release|x86.Build.0 = Release|Win32
		{6276D848-2FF8-483E-8ACE-DCED0874E189}.Debug|x64.ActiveCfg = Debug|x64
		{6276D848-2FF8-483E-8ACE-DCED0874E189}.Debug|x64.Build.0 = Debug|x64
		{6276D848-2FF8-483E-8ACE-DCED0874E189}.Debug|x86.ActiveCfg = Debug|Win32
		{6276D848-2FF8-483E-8ACE-DCED0874E189}.Debug|x86.Build.0 = Debug|Win32
		{6276D848-2FF8-483E-8ACE-DCED0874E189}.Release|x64.ActiveCfg = Release|x64
		{6276D848-2FF8-483E-8ACE-DCED0874E189}.Release|x64.Build.0 = Release|x64
		{6276D848-2FF8-483E-8ACE-DCED0874E189}.Release|x86.ActiveCfg = Release|Win32
		{6276D848-2FF8-483E-8ACE-DCED0874E189}.Release|x86.Build.0 = Release|Win32
		{53DC0723-A9F9-4720-BF32-443B64D1CC6D}.Debug|x64.ActiveCfg = Debug|x64
		{53DC0723-A9F9-4720-BF32-443B64D1CC6D}.Debug|x64.Build.0 = Debug|x64
		{53DC0723-A9F9-4720-BF32-443B64D1CC6D}.Debug|x86.ActiveCfg = Debug|Win32
		{53DC0723-A9F9-4720-BF32-443B64D1CC6D}.Debug|x86.Build.0 = Debug|Win32
		{53DC0723-A9F9-4720-BF32-443B64D1CC6D}.Release|x64.ActiveCfg = Release|x64
		{53DC0723-A9F9-4720-BF32-443B64D1CC6D}.Release|x64.Build.0 = Release|x64
		{53DC0723-A9F9-4720-BF32-443B64D1CC6D}.Release|x86.ActiveCfg = Release|Win32
		{53DC0723-A9F9-4720-BF32-443B64D1CC6D}.Release|x86.Build.0 = Release|Win32
		{296434EE-7B82-473E-94BF-4A634AA5E722}.Debug|x64.ActiveCfg = Debug|x64
		{296434EE-7B82-473E-94BF-4A634AA5E722}.Debug|x64.Build.0 = Debug|x64
		{296434EE-7B82-473E-94BF-4A634AA5E722}.Debug|x86.ActiveCfg = Debug|Win32
		{296434EE-7B82-473E-94BF-4A634AA5E722}.Debug|x86.Build.0 = Debug|Win32
		{296434EE-7B82-473E-94BF-4A634AA5E722}.Release|x64.ActiveCfg = Release|x64
		{296434EE-7B82-473E-94BF-4A634AA5E722}.Release|x64.Build.0 = Release|x64
		{296434EE-7B82-473E-94BF-4A634AA5E722}.Release|x86.ActiveCfg = Release|Win32
		{296434EE-7B82-473E-94BF-4A634AA5E722}.Release|x86.Build.0 = Release|Win32
		{585AD51E-9849-4609-A50D-E6F6224521DE}.Debug|x64.ActiveCfg = Debug|x64
		{585AD51E-9849-4609-A50D-E6F6224521DE}.Debug|x64.Build.0 = Debug|x64
		{585AD51E-9849-4609-A50D-E6F6224521DE}.Debug|x86.ActiveCfg = Debug|Win32
		{585AD51E-9849-4609-A50D-E6F6224521DE}.Debug|x86.Build.0 = Debug|Win32
		{585AD51E-9849-4609-A50D-E6F6224521DE}.Release|x64.ActiveCfg = Release|x64
		{585AD51E-9849-4609-A50D-E6F6224521DE}.Release|x64.Build.0 = Release|x64
		{585AD51E-9849-4609-A50D-E6F6224521DE}.Release|x86.ActiveCfg = Release|Win32
		{585AD51E-9849-4609-A50D-E6F6224521DE}.Release|x86.Build.0 = Release|Win32
		{977A6A7E-D415-4F64-8E40-73E1E17CA30D}.Debug|x64.ActiveCfg = Debug|x64
		{977A6A7E-D415-4F64-8E40-73E1E17CA30D}.Debug|x64.Build.0 = Debug|x64
		{977A6A7E-D415-4F64-8E40-73E1E17CA30D}.Debug|x86.ActiveCfg = Debug|Win32
		{977A6A7E-D415-4F64-8E40-73E1E17CA30D}.Debug|x86.Build.0 = Debug|Win32
		{977A6A7E-D415-4F64-8E40-73E1E17CA30D}.Release|x64.ActiveCfg = Release|x64
		{977A6A7E-D415-4F64-8E40-73E1E17CA30D}.Release|x64.Build.0 = Release|x64
		{977A6A7E-D415-4F64-8E40-73E1E17CA30D}.Release|x86.ActiveCfg = Release|Win32
		{977A6A7E-D415-4F64-8E40-73E1E17CA30D}.Release|x86.Build.0 = Release|Win32
	EndGlobalSection
	GlobalSection(SolutionProperties) = preSolution
		HideSolutionNode = FALSE
	EndGlobalSection
	GlobalSection(ExtensibilityGlobals) = postSolution
		SolutionGuid = {8CAC1907-8C82-4B2B-A3EF-B19336F6F488}
	EndGlobalSection
EndGlobal
